
Microsoft Visual Studio Solution File, Format Version 12.00
# Visual Studio Version 16
VisualStudioVersion = 16.0.30330.147
MinimumVisualStudioVersion = 10.0.40219.1
Project("{FAE04EC0-301F-11D3-BF4B-00C04F79EFBC}") = "CRUDinMVC", "CRUDinMVC.csproj", "{747C1545-3C9A-42EF-8391-2AAE9343667B}"
EndProject
Global
	GlobalSection(SolutionConfigurationPlatforms) = preSolution
		Debug|Any CPU = Debug|Any CPU
		Release|Any CPU = Release|Any CPU
	EndGlobalSection
	GlobalSection(ProjectConfigurationPlatforms) = postSolution
		{747C1545-3C9A-42EF-8391-2AAE9343667B}.Debug|Any CPU.ActiveCfg = Debug|Any CPU
		{747C1545-3C9A-42EF-8391-2AAE9343667B}.Debug|Any CPU.Build.0 = Debug|Any CPU
		{747C1545-3C9A-42EF-8391-2AAE9343667B}.Release|Any CPU.ActiveCfg = Release|Any CPU
		{747C1545-3C9A-42EF-8391-2AAE9343667B}.Release|Any CPU.Build.0 = Release|Any CPU
	EndGlobalSection
	GlobalSection(SolutionProperties) = preSolution
		HideSolutionNode = FALSE
	EndGlobalSection
	GlobalSection(ExtensibilityGlobals) = postSolution
		SolutionGuid = {0BD55A2B-4A46-4E14-A6FF-5630B71574FB}
	EndGlobalSection
EndGlobal
